dependencies:
- name: identity-api
  repository: ""
  version: 1.0.0
- name: identity-manager
  repository: ""
  version: 1.0.0
- name: identity-keycloak
  repository: ""
  version: 1.0.0
- name: identity-proxy
  repository: ""
  version: 1.0.0
- name: identity-postgres
  repository: ""
  version: 1.0.0
digest: sha256:62c268416cccc94b965c49b394b4a7e03069c4a37107351508dd340a5a67ed84
generated: "2023-07-04T16:43:39.5526075+01:00"
